
Microsoft Visual Studio Solution File, Format Version 12.00
# Visual Studio Version 16
VisualStudioVersion = 16.6.30114.105
MinimumVisualStudioVersion = 10.0.40219.1
Project("{2150E333-8FDC-42A3-9474-1A3956D46DE8}") = "Api", "Api", "{CEC36EB4-C988-4926-95C3-12E55DF66CEB}"
EndProject
Project("{FAE04EC0-301F-11D3-BF4B-00C04F79EFBC}") = "CharacterApi", "Api\CharacterApi\CharacterApi.csproj", "{0535D8E3-F7CF-45D3-A521-E5DF18CA7D54}"
EndProject
Project("{FAE04EC0-301F-11D3-BF4B-00C04F79EFBC}") = "LocationApi", "Api\LocationApi\LocationApi.csproj", "{923281D2-1992-401F-A8CA-AB9A9CFE245C}"
EndProject
Project("{FAE04EC0-301F-11D3-BF4B-00C04F79EFBC}") = "QuestApi", "Api\QuestApi\QuestApi.csproj", "{845DDF8F-4B47-47C3-BDAE-C70974D089E4}"
EndProject
Project("{2150E333-8FDC-42A3-9474-1A3956D46DE8}") = "Actors", "Actors", "{C8947366-CFBE-463A-87B2-3052589C685A}"
EndProject
Project("{FAE04EC0-301F-11D3-BF4B-00C04F79EFBC}") = "Characters", "Actors\Characters\Characters.csproj", "{83626136-4C44-4962-BB51-488D69EEE688}"
EndProject
Project("{FAE04EC0-301F-11D3-BF4B-00C04F79EFBC}") = "Locations", "Actors\Locations\Locations.csproj", "{FE58AD76-F451-4FEC-B623-F4787706882A}"
EndProject
Project("{FAE04EC0-301F-11D3-BF4B-00C04F79EFBC}") = "Quests", "Actors\Quests\Quests.csproj", "{1712000E-FC19-4767-8E87-A02768211F31}"
EndProject
Project("{2150E333-8FDC-42A3-9474-1A3956D46DE8}") = "Common", "Common", "{5A551990-8B99-4CE9-99CA-744C87B21754}"
EndProject
Project("{FAE04EC0-301F-11D3-BF4B-00C04F79EFBC}") = "ActorInterfaces", "Common\ActorInterfaces\ActorInterfaces.csproj", "{03B50D06-B874-4ABD-8684-2120993B324F}"
EndProject
Project("{FAE04EC0-301F-11D3-BF4B-00C04F79EFBC}") = "Entities", "Common\Entities\Entities.csproj", "{C7D1D60A-180C-4FE5-ADB5-46A57840A86B}"
EndProject
Project("{FAE04EC0-301F-11D3-BF4B-00C04F79EFBC}") = "Services", "Common\Services\Services.csproj", "{E2AED719-54F8-4386-9F3D-974F2282BA1F}"
EndProject
Global
	GlobalSection(SolutionConfigurationPlatforms) = preSolution
		Debug|Any CPU = Debug|Any CPU
		Debug|x64 = Debug|x64
		Debug|x86 = Debug|x86
		Release|Any CPU = Release|Any CPU
		Release|x64 = Release|x64
		Release|x86 = Release|x86
	EndGlobalSection
	GlobalSection(SolutionProperties) = preSolution
		HideSolutionNode = FALSE
	EndGlobalSection
	GlobalSection(ProjectConfigurationPlatforms) = postSolution
		{0535D8E3-F7CF-45D3-A521-E5DF18CA7D54}.Debug|Any CPU.ActiveCfg = Debug|Any CPU
		{0535D8E3-F7CF-45D3-A521-E5DF18CA7D54}.Debug|Any CPU.Build.0 = Debug|Any CPU
		{0535D8E3-F7CF-45D3-A521-E5DF18CA7D54}.Debug|x64.ActiveCfg = Debug|Any CPU
		{0535D8E3-F7CF-45D3-A521-E5DF18CA7D54}.Debug|x64.Build.0 = Debug|Any CPU
		{0535D8E3-F7CF-45D3-A521-E5DF18CA7D54}.Debug|x86.ActiveCfg = Debug|Any CPU
		{0535D8E3-F7CF-45D3-A521-E5DF18CA7D54}.Debug|x86.Build.0 = Debug|Any CPU
		{0535D8E3-F7CF-45D3-A521-E5DF18CA7D54}.Release|Any CPU.ActiveCfg = Release|Any CPU
		{0535D8E3-F7CF-45D3-A521-E5DF18CA7D54}.Release|Any CPU.Build.0 = Release|Any CPU
		{0535D8E3-F7CF-45D3-A521-E5DF18CA7D54}.Release|x64.ActiveCfg = Release|Any CPU
		{0535D8E3-F7CF-45D3-A521-E5DF18CA7D54}.Release|x64.Build.0 = Release|Any CPU
		{0535D8E3-F7CF-45D3-A521-E5DF18CA7D54}.Release|x86.ActiveCfg = Release|Any CPU
		{0535D8E3-F7CF-45D3-A521-E5DF18CA7D54}.Release|x86.Build.0 = Release|Any CPU
		{923281D2-1992-401F-A8CA-AB9A9CFE245C}.Debug|Any CPU.ActiveCfg = Debug|Any CPU
		{923281D2-1992-401F-A8CA-AB9A9CFE245C}.Debug|Any CPU.Build.0 = Debug|Any CPU
		{923281D2-1992-401F-A8CA-AB9A9CFE245C}.Debug|x64.ActiveCfg = Debug|Any CPU
		{923281D2-1992-401F-A8CA-AB9A9CFE245C}.Debug|x64.Build.0 = Debug|Any CPU
		{923281D2-1992-401F-A8CA-AB9A9CFE245C}.Debug|x86.ActiveCfg = Debug|Any CPU
		{923281D2-1992-401F-A8CA-AB9A9CFE245C}.Debug|x86.Build.0 = Debug|Any CPU
		{923281D2-1992-401F-A8CA-AB9A9CFE245C}.Release|Any CPU.ActiveCfg = Release|Any CPU
		{923281D2-1992-401F-A8CA-AB9A9CFE245C}.Release|Any CPU.Build.0 = Release|Any CPU
		{923281D2-1992-401F-A8CA-AB9A9CFE245C}.Release|x64.ActiveCfg = Release|Any CPU
		{923281D2-1992-401F-A8CA-AB9A9CFE245C}.Release|x64.Build.0 = Release|Any CPU
		{923281D2-1992-401F-A8CA-AB9A9CFE245C}.Release|x86.ActiveCfg = Release|Any CPU
		{923281D2-1992-401F-A8CA-AB9A9CFE245C}.Release|x86.Build.0 = Release|Any CPU
		{845DDF8F-4B47-47C3-BDAE-C70974D089E4}.Debug|Any CPU.ActiveCfg = Debug|Any CPU
		{845DDF8F-4B47-47C3-BDAE-C70974D089E4}.Debug|Any CPU.Build.0 = Debug|Any CPU
		{845DDF8F-4B47-47C3-BDAE-C70974D089E4}.Debug|x64.ActiveCfg = Debug|Any CPU
		{845DDF8F-4B47-47C3-BDAE-C70974D089E4}.Debug|x64.Build.0 = Debug|Any CPU
		{845DDF8F-4B47-47C3-BDAE-C70974D089E4}.Debug|x86.ActiveCfg = Debug|Any CPU
		{845DDF8F-4B47-47C3-BDAE-C70974D089E4}.Debug|x86.Build.0 = Debug|Any CPU
		{845DDF8F-4B47-47C3-BDAE-C70974D089E4}.Release|Any CPU.ActiveCfg = Release|Any CPU
		{845DDF8F-4B47-47C3-BDAE-C70974D089E4}.Release|Any CPU.Build.0 = Release|Any CPU
		{845DDF8F-4B47-47C3-BDAE-C70974D089E4}.Release|x64.ActiveCfg = Release|Any CPU
		{845DDF8F-4B47-47C3-BDAE-C70974D089E4}.Release|x64.Build.0 = Release|Any CPU
		{845DDF8F-4B47-47C3-BDAE-C70974D089E4}.Release|x86.ActiveCfg = Release|Any CPU
		{845DDF8F-4B47-47C3-BDAE-C70974D089E4}.Release|x86.Build.0 = Release|Any CPU
		{83626136-4C44-4962-BB51-488D69EEE688}.Debug|Any CPU.ActiveCfg = Debug|Any CPU
		{83626136-4C44-4962-BB51-488D69EEE688}.Debug|Any CPU.Build.0 = Debug|Any CPU
		{83626136-4C44-4962-BB51-488D69EEE688}.Debug|x64.ActiveCfg = Debug|Any CPU
		{83626136-4C44-4962-BB51-488D69EEE688}.Debug|x64.Build.0 = Debug|Any CPU
		{83626136-4C44-4962-BB51-488D69EEE688}.Debug|x86.ActiveCfg = Debug|Any CPU
		{83626136-4C44-4962-BB51-488D69EEE688}.Debug|x86.Build.0 = Debug|Any CPU
		{83626136-4C44-4962-BB51-488D69EEE688}.Release|Any CPU.ActiveCfg = Release|Any CPU
		{83626136-4C44-4962-BB51-488D69EEE688}.Release|Any CPU.Build.0 = Release|Any CPU
		{83626136-4C44-4962-BB51-488D69EEE688}.Release|x64.ActiveCfg = Release|Any CPU
		{83626136-4C44-4962-BB51-488D69EEE688}.Release|x64.Build.0 = Release|Any CPU
		{83626136-4C44-4962-BB51-488D69EEE688}.Release|x86.ActiveCfg = Release|Any CPU
		{83626136-4C44-4962-BB51-488D69EEE688}.Release|x86.Build.0 = Release|Any CPU
		{FE58AD76-F451-4FEC-B623-F4787706882A}.Debug|Any CPU.ActiveCfg = Debug|Any CPU
		{FE58AD76-F451-4FEC-B623-F4787706882A}.Debug|Any CPU.Build.0 = Debug|Any CPU
		{FE58AD76-F451-4FEC-B623-F4787706882A}.Debug|x64.ActiveCfg = Debug|Any CPU
		{FE58AD76-F451-4FEC-B623-F4787706882A}.Debug|x64.Build.0 = Debug|Any CPU
		{FE58AD76-F451-4FEC-B623-F4787706882A}.Debug|x86.ActiveCfg = Debug|Any CPU
		{FE58AD76-F451-4FEC-B623-F4787706882A}.Debug|x86.Build.0 = Debug|Any CPU
		{FE58AD76-F451-4FEC-B623-F4787706882A}.Release|Any CPU.ActiveCfg = Release|Any CPU
		{FE58AD76-F451-4FEC-B623-F4787706882A}.Release|Any CPU.Build.0 = Release|Any CPU
		{FE58AD76-F451-4FEC-B623-F4787706882A}.Release|x64.ActiveCfg = Release|Any CPU
		{FE58AD76-F451-4FEC-B623-F4787706882A}.Release|x64.Build.0 = Release|Any CPU
		{FE58AD76-F451-4FEC-B623-F4787706882A}.Release|x86.ActiveCfg = Release|Any CPU
		{FE58AD76-F451-4FEC-B623-F4787706882A}.Release|x86.Build.0 = Release|Any CPU
		{1712000E-FC19-4767-8E87-A02768211F31}.Debug|Any CPU.ActiveCfg = Debug|Any CPU
		{1712000E-FC19-4767-8E87-A02768211F31}.Debug|Any CPU.Build.0 = Debug|Any CPU
		{1712000E-FC19-4767-8E87-A02768211F31}.Debug|x64.ActiveCfg = Debug|Any CPU
		{1712000E-FC19-4767-8E87-A02768211F31}.Debug|x64.Build.0 = Debug|Any CPU
		{1712000E-FC19-4767-8E87-A02768211F31}.Debug|x86.ActiveCfg = Debug|Any CPU
		{1712000E-FC19-4767-8E87-A02768211F31}.Debug|x86.Build.0 = Debug|Any CPU
		{1712000E-FC19-4767-8E87-A02768211F31}.Release|Any CPU.ActiveCfg = Release|Any CPU
		{1712000E-FC19-4767-8E87-A02768211F31}.Release|Any CPU.Build.0 = Release|Any CPU
		{1712000E-FC19-4767-8E87-A02768211F31}.Release|x64.ActiveCfg = Release|Any CPU
		{1712000E-FC19-4767-8E87-A02768211F31}.Release|x64.Build.0 = Release|Any CPU
		{1712000E-FC19-4767-8E87-A02768211F31}.Release|x86.ActiveCfg = Release|Any CPU
		{1712000E-FC19-4767-8E87-A02768211F31}.Release|x86.Build.0 = Release|Any CPU
		{03B50D06-B874-4ABD-8684-2120993B324F}.Debug|Any CPU.ActiveCfg = Debug|Any CPU
		{03B50D06-B874-4ABD-8684-2120993B324F}.Debug|Any CPU.Build.0 = Debug|Any CPU
		{03B50D06-B874-4ABD-8684-2120993B324F}.Debug|x64.ActiveCfg = Debug|Any CPU
		{03B50D06-B874-4ABD-8684-2120993B324F}.Debug|x64.Build.0 = Debug|Any CPU
		{03B50D06-B874-4ABD-8684-2120993B324F}.Debug|x86.ActiveCfg = Debug|Any CPU
		{03B50D06-B874-4ABD-8684-2120993B324F}.Debug|x86.Build.0 = Debug|Any CPU
		{03B50D06-B874-4ABD-8684-2120993B324F}.Release|Any CPU.ActiveCfg = Release|Any CPU
		{03B50D06-B874-4ABD-8684-2120993B324F}.Release|Any CPU.Build.0 = Release|Any CPU
		{03B50D06-B874-4ABD-8684-2120993B324F}.Release|x64.ActiveCfg = Release|Any CPU
		{03B50D06-B874-4ABD-8684-2120993B324F}.Release|x64.Build.0 = Release|Any CPU
		{03B50D06-B874-4ABD-8684-2120993B324F}.Release|x86.ActiveCfg = Release|Any CPU
		{03B50D06-B874-4ABD-8684-2120993B324F}.Release|x86.Build.0 = Release|Any CPU
		{C7D1D60A-180C-4FE5-ADB5-46A57840A86B}.Debug|Any CPU.ActiveCfg = Debug|Any CPU
		{C7D1D60A-180C-4FE5-ADB5-46A57840A86B}.Debug|Any CPU.Build.0 = Debug|Any CPU
		{C7D1D60A-180C-4FE5-ADB5-46A57840A86B}.Debug|x64.ActiveCfg = Debug|Any CPU
		{C7D1D60A-180C-4FE5-ADB5-46A57840A86B}.Debug|x64.Build.0 = Debug|Any CPU
		{C7D1D60A-180C-4FE5-ADB5-46A57840A86B}.Debug|x86.ActiveCfg = Debug|Any CPU
		{C7D1D60A-180C-4FE5-ADB5-46A57840A86B}.Debug|x86.Build.0 = Debug|Any CPU
		{C7D1D60A-180C-4FE5-ADB5-46A57840A86B}.Release|Any CPU.ActiveCfg = Release|Any CPU
		{C7D1D60A-180C-4FE5-ADB5-46A57840A86B}.Release|Any CPU.Build.0 = Release|Any CPU
		{C7D1D60A-180C-4FE5-ADB5-46A57840A86B}.Release|x64.ActiveCfg = Release|Any CPU
		{C7D1D60A-180C-4FE5-ADB5-46A57840A86B}.Release|x64.Build.0 = Release|Any CPU
		{C7D1D60A-180C-4FE5-ADB5-46A57840A86B}.Release|x86.ActiveCfg = Release|Any CPU
		{C7D1D60A-180C-4FE5-ADB5-46A57840A86B}.Release|x86.Build.0 = Release|Any CPU
		{E2AED719-54F8-4386-9F3D-974F2282BA1F}.Debug|Any CPU.ActiveCfg = Debug|Any CPU
		{E2AED719-54F8-4386-9F3D-974F2282BA1F}.Debug|Any CPU.Build.0 = Debug|Any CPU
		{E2AED719-54F8-4386-9F3D-974F2282BA1F}.Debug|x64.ActiveCfg = Debug|Any CPU
		{E2AED719-54F8-4386-9F3D-974F2282BA1F}.Debug|x64.Build.0 = Debug|Any CPU
		{E2AED719-54F8-4386-9F3D-974F2282BA1F}.Debug|x86.ActiveCfg = Debug|Any CPU
		{E2AED719-54F8-4386-9F3D-974F2282BA1F}.Debug|x86.Build.0 = Debug|Any CPU
		{E2AED719-54F8-4386-9F3D-974F2282BA1F}.Release|Any CPU.ActiveCfg = Release|Any CPU
		{E2AED719-54F8-4386-9F3D-974F2282BA1F}.Release|Any CPU.Build.0 = Release|Any CPU
		{E2AED719-54F8-4386-9F3D-974F2282BA1F}.Release|x64.ActiveCfg = Release|Any CPU
		{E2AED719-54F8-4386-9F3D-974F2282BA1F}.Release|x64.Build.0 = Release|Any CPU
		{E2AED719-54F8-4386-9F3D-974F2282BA1F}.Release|x86.ActiveCfg = Release|Any CPU
		{E2AED719-54F8-4386-9F3D-974F2282BA1F}.Release|x86.Build.0 = Release|Any CPU
	EndGlobalSection
	GlobalSection(NestedProjects) = preSolution
		{0535D8E3-F7CF-45D3-A521-E5DF18CA7D54} = {CEC36EB4-C988-4926-95C3-12E55DF66CEB}
		{923281D2-1992-401F-A8CA-AB9A9CFE245C} = {CEC36EB4-C988-4926-95C3-12E55DF66CEB}
		{845DDF8F-4B47-47C3-BDAE-C70974D089E4} = {CEC36EB4-C988-4926-95C3-12E55DF66CEB}
		{83626136-4C44-4962-BB51-488D69EEE688} = {C8947366-CFBE-463A-87B2-3052589C685A}
		{FE58AD76-F451-4FEC-B623-F4787706882A} = {C8947366-CFBE-463A-87B2-3052589C685A}
		{1712000E-FC19-4767-8E87-A02768211F31} = {C8947366-CFBE-463A-87B2-3052589C685A}
		{03B50D06-B874-4ABD-8684-2120993B324F} = {5A551990-8B99-4CE9-99CA-744C87B21754}
		{C7D1D60A-180C-4FE5-ADB5-46A57840A86B} = {5A551990-8B99-4CE9-99CA-744C87B21754}
		{E2AED719-54F8-4386-9F3D-974F2282BA1F} = {5A551990-8B99-4CE9-99CA-744C87B21754}
	EndGlobalSection
EndGlobal
